// !$*UTF8*$!
{
	archiveVersion = 1;
	classes = {
	};
	objectVersion = 55;
	objects = {

/* Begin PBXBuildFile section */
		6C02812028B7F99E00AA2666 /* String+Image.swift in Sources */ = {isa = PBXBuildFile; fileRef = 6C02811F28B7F99E00AA2666 /* String+Image.swift */; };
		6C02812228B7F9BA00AA2666 /* UIImage+Color.swift in Sources */ = {isa = PBXBuildFile; fileRef = 6C02812128B7F9BA00AA2666 /* UIImage+Color.swift */; };
		6C02812828B7FBA400AA2666 /* UIColor+Adjust.swift in Sources */ = {isa = PBXBuildFile; fileRef = 6C02812728B7FBA400AA2666 /* UIColor+Adjust.swift */; };
		6C0AACEC28BECFF40025C4A0 /* EdgeFadeView.swift in Sources */ = {isa = PBXBuildFile; fileRef = 6C0AACEB28BECFF40025C4A0 /* EdgeFadeView.swift */; };
		6C260CEB284AC1C900756E74 /* InputTests.swift in Sources */ = {isa = PBXBuildFile; fileRef = 6C260CEA284AC1C900756E74 /* InputTests.swift */; };
		6C260CF4284ACD5500756E74 /* ListItemTests.swift in Sources */ = {isa = PBXBuildFile; fileRef = 6C260CF3284ACD5500756E74 /* ListItemTests.swift */; };
		6C260CF7284ACF0A00756E74 /* ListTests.swift in Sources */ = {isa = PBXBuildFile; fileRef = 6C260CF6284ACF0A00756E74 /* ListTests.swift */; };
		6C260CFD284BC64000756E74 /* AppTests.swift in Sources */ = {isa = PBXBuildFile; fileRef = 6C260CFC284BC64000756E74 /* AppTests.swift */; };
		6C2F28EF2848192000E85F94 /* ListItem+Preview.swift in Sources */ = {isa = PBXBuildFile; fileRef = 6C2F28EE2848192000E85F94 /* ListItem+Preview.swift */; };
		6C332FDF28BD61660004ECF9 /* Persistence+Mock.swift in Sources */ = {isa = PBXBuildFile; fileRef = 6C260CF8284AD14200756E74 /* Persistence+Mock.swift */; };
		6C332FE228BD61750004ECF9 /* SharedEnvironment+Mock.swift in Sources */ = {isa = PBXBuildFile; fileRef = 6C260CEC284AC46500756E74 /* SharedEnvironment+Mock.swift */; };
		6C332FE528BD61900004ECF9 /* FeedbackGenerator+Mock.swift in Sources */ = {isa = PBXBuildFile; fileRef = 6C260CEE284AC50200756E74 /* FeedbackGenerator+Mock.swift */; };
		6C332FE828BD623B0004ECF9 /* Appearance.swift in Sources */ = {isa = PBXBuildFile; fileRef = 6C332FE728BD623B0004ECF9 /* Appearance.swift */; };
		6C6A96EA2874E77F00B09D80 /* Pacifico-Regular.ttf in Resources */ = {isa = PBXBuildFile; fileRef = 6C6A96E92874E77F00B09D80 /* Pacifico-Regular.ttf */; };
		6C913E7E2842DD6C00E34326 /* Delete.swift in Sources */ = {isa = PBXBuildFile; fileRef = 6C913E7D2842DD6C00E34326 /* Delete.swift */; };
		6CA6E3F8284015DD0069CDD9 /* List.swift in Sources */ = {isa = PBXBuildFile; fileRef = 6CA6E3F7284015DD0069CDD9 /* List.swift */; };
		6CA6E400284152B90069CDD9 /* ListItem.swift in Sources */ = {isa = PBXBuildFile; fileRef = 6CA6E3FF284152B90069CDD9 /* ListItem.swift */; };
		6CA6E40A284170770069CDD9 /* ListItem+Mock.swift in Sources */ = {isa = PBXBuildFile; fileRef = 6CA6E409284170770069CDD9 /* ListItem+Mock.swift */; };
		6CA6E40E2841B5610069CDD9 /* Input.swift in Sources */ = {isa = PBXBuildFile; fileRef = 6CA6E40D2841B5610069CDD9 /* Input.swift */; };
		6CA6E41128428F6B0069CDD9 /* View+Synchronize.swift in Sources */ = {isa = PBXBuildFile; fileRef = 6CA6E41028428F6B0069CDD9 /* View+Synchronize.swift */; };
		6CA853E7283AB7C70010E85B /* RoundEmojiView.swift in Sources */ = {isa = PBXBuildFile; fileRef = 6CA853E6283AB7C70010E85B /* RoundEmojiView.swift */; };
		6CCBE2A128B578FF00C25667 /* Pow in Frameworks */ = {isa = PBXBuildFile; productRef = 6CCBE2A028B578FF00C25667 /* Pow */; };
		6CD4576928A1A31900EB9E7B /* EmptyStateView.swift in Sources */ = {isa = PBXBuildFile; fileRef = 6CD4576828A1A31900EB9E7B /* EmptyStateView.swift */; };
		6CD7AB8228A6FD63007CDBAE /* TextToEmoji in Frameworks */ = {isa = PBXBuildFile; productRef = 6CD7AB8128A6FD63007CDBAE /* TextToEmoji */; };
		6CE6F1C82856A59600C1A40D /* Localizable.strings in Resources */ = {isa = PBXBuildFile; fileRef = 6CE6F1CA2856A59600C1A40D /* Localizable.strings */; };
		6CF5CC6B28469A0B00117790 /* SharedEnvironment.swift in Sources */ = {isa = PBXBuildFile; fileRef = 6CF5CC6A28469A0B00117790 /* SharedEnvironment.swift */; };
		6CF5CC6F2846A35700117790 /* FeedbackGenerator.swift in Sources */ = {isa = PBXBuildFile; fileRef = 6CF5CC6E2846A35700117790 /* FeedbackGenerator.swift */; };
		6CFEF96E2834432F00254038 /* App.swift in Sources */ = {isa = PBXBuildFile; fileRef = 6CFEF96D2834432F00254038 /* App.swift */; };
		6CFEF9722834433100254038 /* Assets.xcassets in Resources */ = {isa = PBXBuildFile; fileRef = 6CFEF9712834433100254038 /* Assets.xcassets */; };
		6CFEF9752834433100254038 /* Preview Assets.xcassets in Resources */ = {isa = PBXBuildFile; fileRef = 6CFEF9742834433100254038 /* Preview Assets.xcassets */; };
		6CFEF9772834433100254038 /* Persistence.swift in Sources */ = {isa = PBXBuildFile; fileRef = 6CFEF9762834433100254038 /* Persistence.swift */; };
		6CFEF97A2834433100254038 /* EmojiShoppingList.xcdatamodeld in Sources */ = {isa = PBXBuildFile; fileRef = 6CFEF9782834433100254038 /* EmojiShoppingList.xcdatamodeld */; };
		6CFEF9A22835889500254038 /* ComposableArchitecture in Frameworks */ = {isa = PBXBuildFile; productRef = 6CFEF9A12835889500254038 /* ComposableArchitecture */; };
/* End PBXBuildFile section */

/* Begin PBXContainerItemProxy section */
		6CFEF9802834433100254038 /* PBXContainerItemProxy */ = {
			isa = PBXContainerItemProxy;
			containerPortal = 6CFEF9622834432F00254038 /* Project object */;
			proxyType = 1;
			remoteGlobalIDString = 6CFEF9692834432F00254038;
			remoteInfo = EmojiShoppingList;
		};
/* End PBXContainerItemProxy section */

/* Begin PBXFileReference section */
		6C02811F28B7F99E00AA2666 /* String+Image.swift */ = {isa = PBXFileReference; lastKnownFileType = sourcecode.swift; path = "String+Image.swift"; sourceTree = "<group>"; };
		6C02812128B7F9BA00AA2666 /* UIImage+Color.swift */ = {isa = PBXFileReference; lastKnownFileType = sourcecode.swift; path = "UIImage+Color.swift"; sourceTree = "<group>"; };
		6C02812728B7FBA400AA2666 /* UIColor+Adjust.swift */ = {isa = PBXFileReference; lastKnownFileType = sourcecode.swift; path = "UIColor+Adjust.swift"; sourceTree = "<group>"; };
		6C0AACE928BEC7BA0025C4A0 /* ColorCalibrationView.swift */ = {isa = PBXFileReference; lastKnownFileType = sourcecode.swift; path = ColorCalibrationView.swift; sourceTree = "<group>"; };
		6C0AACEB28BECFF40025C4A0 /* EdgeFadeView.swift */ = {isa = PBXFileReference; lastKnownFileType = sourcecode.swift; path = EdgeFadeView.swift; sourceTree = "<group>"; };
		6C260CEA284AC1C900756E74 /* InputTests.swift */ = {isa = PBXFileReference; lastKnownFileType = sourcecode.swift; path = InputTests.swift; sourceTree = "<group>"; };
		6C260CEC284AC46500756E74 /* SharedEnvironment+Mock.swift */ = {isa = PBXFileReference; lastKnownFileType = sourcecode.swift; path = "SharedEnvironment+Mock.swift"; sourceTree = "<group>"; };
		6C260CEE284AC50200756E74 /* FeedbackGenerator+Mock.swift */ = {isa = PBXFileReference; lastKnownFileType = sourcecode.swift; path = "FeedbackGenerator+Mock.swift"; sourceTree = "<group>"; };
		6C260CF3284ACD5500756E74 /* ListItemTests.swift */ = {isa = PBXFileReference; lastKnownFileType = sourcecode.swift; path = ListItemTests.swift; sourceTree = "<group>"; };
		6C260CF6284ACF0A00756E74 /* ListTests.swift */ = {isa = PBXFileReference; lastKnownFileType = sourcecode.swift; path = ListTests.swift; sourceTree = "<group>"; };
		6C260CF8284AD14200756E74 /* Persistence+Mock.swift */ = {isa = PBXFileReference; lastKnownFileType = sourcecode.swift; path = "Persistence+Mock.swift"; sourceTree = "<group>"; };
		6C260CFC284BC64000756E74 /* AppTests.swift */ = {isa = PBXFileReference; lastKnownFileType = sourcecode.swift; path = AppTests.swift; sourceTree = "<group>"; };
		6C2F28EE2848192000E85F94 /* ListItem+Preview.swift */ = {isa = PBXFileReference; lastKnownFileType = sourcecode.swift; path = "ListItem+Preview.swift"; sourceTree = "<group>"; };
		6C332FE728BD623B0004ECF9 /* Appearance.swift */ = {isa = PBXFileReference; lastKnownFileType = sourcecode.swift; path = Appearance.swift; sourceTree = "<group>"; };
		6C6A96E72874E75200B09D80 /* Info.plist */ = {isa = PBXFileReference; lastKnownFileType = text.plist.xml; path = Info.plist; sourceTree = "<group>"; };
		6C6A96E92874E77F00B09D80 /* Pacifico-Regular.ttf */ = {isa = PBXFileReference; lastKnownFileType = file; path = "Pacifico-Regular.ttf"; sourceTree = "<group>"; };
		6C913E7D2842DD6C00E34326 /* Delete.swift */ = {isa = PBXFileReference; lastKnownFileType = sourcecode.swift; path = Delete.swift; sourceTree = "<group>"; };
		6CA6E3F7284015DD0069CDD9 /* List.swift */ = {isa = PBXFileReference; lastKnownFileType = sourcecode.swift; path = List.swift; sourceTree = "<group>"; };
		6CA6E3FF284152B90069CDD9 /* ListItem.swift */ = {isa = PBXFileReference; lastKnownFileType = sourcecode.swift; path = ListItem.swift; sourceTree = "<group>"; };
		6CA6E409284170770069CDD9 /* ListItem+Mock.swift */ = {isa = PBXFileReference; lastKnownFileType = sourcecode.swift; path = "ListItem+Mock.swift"; sourceTree = "<group>"; };
		6CA6E40D2841B5610069CDD9 /* Input.swift */ = {isa = PBXFileReference; lastKnownFileType = sourcecode.swift; path = Input.swift; sourceTree = "<group>"; };
		6CA6E41028428F6B0069CDD9 /* View+Synchronize.swift */ = {isa = PBXFileReference; lastKnownFileType = sourcecode.swift; path = "View+Synchronize.swift"; sourceTree = "<group>"; };
		6CA853E6283AB7C70010E85B /* RoundEmojiView.swift */ = {isa = PBXFileReference; lastKnownFileType = sourcecode.swift; path = RoundEmojiView.swift; sourceTree = "<group>"; };
		6CD4576828A1A31900EB9E7B /* EmptyStateView.swift */ = {isa = PBXFileReference; lastKnownFileType = sourcecode.swift; path = EmptyStateView.swift; sourceTree = "<group>"; };
		6CE6F1C92856A59600C1A40D /* en */ = {isa = PBXFileReference; lastKnownFileType = text.plist.strings; name = en; path = en.lproj/Localizable.strings; sourceTree = "<group>"; };
		6CF5CC6A28469A0B00117790 /* SharedEnvironment.swift */ = {isa = PBXFileReference; lastKnownFileType = sourcecode.swift; path = SharedEnvironment.swift; sourceTree = "<group>"; };
		6CF5CC6E2846A35700117790 /* FeedbackGenerator.swift */ = {isa = PBXFileReference; lastKnownFileType = sourcecode.swift; path = FeedbackGenerator.swift; sourceTree = "<group>"; };
		6CFEF96A2834432F00254038 /* Shopping List.app */ = {isa = PBXFileReference; explicitFileType = wrapper.application; includeInIndex = 0; path = "Shopping List.app"; sourceTree = BUILT_PRODUCTS_DIR; };
		6CFEF96D2834432F00254038 /* App.swift */ = {isa = PBXFileReference; lastKnownFileType = sourcecode.swift; path = App.swift; sourceTree = "<group>"; };
		6CFEF9712834433100254038 /* Assets.xcassets */ = {isa = PBXFileReference; lastKnownFileType = folder.assetcatalog; path = Assets.xcassets; sourceTree = "<group>"; };
		6CFEF9742834433100254038 /* Preview Assets.xcassets */ = {isa = PBXFileReference; lastKnownFileType = folder.assetcatalog; path = "Preview Assets.xcassets"; sourceTree = "<group>"; };
		6CFEF9762834433100254038 /* Persistence.swift */ = {isa = PBXFileReference; lastKnownFileType = sourcecode.swift; path = Persistence.swift; sourceTree = "<group>"; };
		6CFEF9792834433100254038 /* EmojiShoppingList.xcdatamodel */ = {isa = PBXFileReference; lastKnownFileType = wrapper.xcdatamodel; path = EmojiShoppingList.xcdatamodel; sourceTree = "<group>"; };
		6CFEF97F2834433100254038 /* EmojiShoppingListTests.xctest */ = {isa = PBXFileReference; explicitFileType = wrapper.cfbundle; includeInIndex = 0; path = EmojiShoppingListTests.xctest; sourceTree = BUILT_PRODUCTS_DIR; };
/* End PBXFileReference section */

/* Begin PBXFrameworksBuildPhase section */
		6CFEF9672834432F00254038 /* Frameworks */ = {
			isa = PBXFrameworksBuildPhase;
			buildActionMask = 2147483647;
			files = (
				6CCBE2A128B578FF00C25667 /* Pow in Frameworks */,
				6CFEF9A22835889500254038 /* ComposableArchitecture in Frameworks */,
				6CD7AB8228A6FD63007CDBAE /* TextToEmoji in Frameworks */,
			);
			runOnlyForDeploymentPostprocessing = 0;
		};
		6CFEF97C2834433100254038 /* Frameworks */ = {
			isa = PBXFrameworksBuildPhase;
			buildActionMask = 2147483647;
			files = (
			);
			runOnlyForDeploymentPostprocessing = 0;
		};
/* End PBXFrameworksBuildPhase section */

/* Begin PBXGroup section */
		6C0AACE828BEC6BF0025C4A0 /* Preview */ = {
			isa = PBXGroup;
			children = (
				6C0AACE928BEC7BA0025C4A0 /* ColorCalibrationView.swift */,
			);
			path = Preview;
			sourceTree = "<group>";
		};
		6C260CE9284AC1B400756E74 /* Tests */ = {
			isa = PBXGroup;
			children = (
				6C260CEA284AC1C900756E74 /* InputTests.swift */,
			);
			path = Tests;
			sourceTree = "<group>";
		};
		6C260CF5284ACED100756E74 /* Tests */ = {
			isa = PBXGroup;
			children = (
				6C260CF6284ACF0A00756E74 /* ListTests.swift */,
			);
			path = Tests;
			sourceTree = "<group>";
		};
		6C260CFA284BC62200756E74 /* App */ = {
			isa = PBXGroup;
			children = (
				6C260CFB284BC62B00756E74 /* Tests */,
				6CFEF96D2834432F00254038 /* App.swift */,
			);
			path = App;
			sourceTree = "<group>";
		};
		6C260CFB284BC62B00756E74 /* Tests */ = {
			isa = PBXGroup;
			children = (
				6C260CFC284BC64000756E74 /* AppTests.swift */,
			);
			path = Tests;
			sourceTree = "<group>";
		};
		6C332FDC28BD61440004ECF9 /* Views */ = {
			isa = PBXGroup;
			children = (
				6CA853E6283AB7C70010E85B /* RoundEmojiView.swift */,
				6CD4576828A1A31900EB9E7B /* EmptyStateView.swift */,
				6C0AACEB28BECFF40025C4A0 /* EdgeFadeView.swift */,
			);
			path = Views;
			sourceTree = "<group>";
		};
		6C332FDD28BD61580004ECF9 /* Persistence */ = {
			isa = PBXGroup;
			children = (
				6CFEF9762834433100254038 /* Persistence.swift */,
				6C260CF8284AD14200756E74 /* Persistence+Mock.swift */,
			);
			path = Persistence;
			sourceTree = "<group>";
		};
		6C332FE028BD616C0004ECF9 /* Environment */ = {
			isa = PBXGroup;
			children = (
				6CF5CC6A28469A0B00117790 /* SharedEnvironment.swift */,
				6C260CEC284AC46500756E74 /* SharedEnvironment+Mock.swift */,
			);
			path = Environment;
			sourceTree = "<group>";
		};
		6C332FE328BD61810004ECF9 /* FeedbackGenerator */ = {
			isa = PBXGroup;
			children = (
				6CF5CC6E2846A35700117790 /* FeedbackGenerator.swift */,
				6C260CEE284AC50200756E74 /* FeedbackGenerator+Mock.swift */,
			);
			path = FeedbackGenerator;
			sourceTree = "<group>";
		};
		6C332FE628BD61FA0004ECF9 /* Application */ = {
			isa = PBXGroup;
			children = (
				6C6A96E72874E75200B09D80 /* Info.plist */,
				6C332FE728BD623B0004ECF9 /* Appearance.swift */,
			);
			path = Application;
			sourceTree = "<group>";
		};
		6C6A96E82874E77F00B09D80 /* Fonts */ = {
			isa = PBXGroup;
			children = (
				6C6A96E92874E77F00B09D80 /* Pacifico-Regular.ttf */,
			);
			path = Fonts;
			sourceTree = "<group>";
		};
		6C913E7C2842DD5900E34326 /* Delete */ = {
			isa = PBXGroup;
			children = (
				6C913E7D2842DD6C00E34326 /* Delete.swift */,
			);
			path = Delete;
			sourceTree = "<group>";
		};
		6CA6E3F3284013C80069CDD9 /* List */ = {
			isa = PBXGroup;
			children = (
				6C260CF5284ACED100756E74 /* Tests */,
				6CA6E3F7284015DD0069CDD9 /* List.swift */,
			);
			path = List;
			sourceTree = "<group>";
		};
		6CA6E407284170680069CDD9 /* Tests */ = {
			isa = PBXGroup;
			children = (
				6CA6E4082841706D0069CDD9 /* Mocks */,
				6C260CF3284ACD5500756E74 /* ListItemTests.swift */,
			);
			path = Tests;
			sourceTree = "<group>";
		};
		6CA6E4082841706D0069CDD9 /* Mocks */ = {
			isa = PBXGroup;
			children = (
				6CA6E409284170770069CDD9 /* ListItem+Mock.swift */,
				6C2F28EE2848192000E85F94 /* ListItem+Preview.swift */,
			);
			path = Mocks;
			sourceTree = "<group>";
		};
		6CA6E40B2841B4D80069CDD9 /* ListItem */ = {
			isa = PBXGroup;
			children = (
				6CA6E407284170680069CDD9 /* Tests */,
				6CA6E3FF284152B90069CDD9 /* ListItem.swift */,
			);
			path = ListItem;
			sourceTree = "<group>";
		};
		6CA6E40C2841B5160069CDD9 /* Input */ = {
			isa = PBXGroup;
			children = (
				6C260CE9284AC1B400756E74 /* Tests */,
				6CA6E40D2841B5610069CDD9 /* Input.swift */,
			);
			path = Input;
			sourceTree = "<group>";
		};
		6CA6E40F28428F530069CDD9 /* Extensions */ = {
			isa = PBXGroup;
			children = (
				6CA6E41028428F6B0069CDD9 /* View+Synchronize.swift */,
				6C02811F28B7F99E00AA2666 /* String+Image.swift */,
				6C02812128B7F9BA00AA2666 /* UIImage+Color.swift */,
				6C02812728B7FBA400AA2666 /* UIColor+Adjust.swift */,
			);
			path = Extensions;
			sourceTree = "<group>";
		};
		6CE6F1C52856A56900C1A40D /* Localization */ = {
			isa = PBXGroup;
			children = (
				6CE6F1CA2856A59600C1A40D /* Localizable.strings */,
			);
			path = Localization;
			sourceTree = "<group>";
		};
		6CF5CC6D2846A34300117790 /* Shared */ = {
			isa = PBXGroup;
			children = (
				6C332FDC28BD61440004ECF9 /* Views */,
				6C332FE328BD61810004ECF9 /* FeedbackGenerator */,
				6C332FE028BD616C0004ECF9 /* Environment */,
				6C332FDD28BD61580004ECF9 /* Persistence */,
			);
			path = Shared;
			sourceTree = "<group>";
		};
		6CFEF9612834432F00254038 = {
			isa = PBXGroup;
			children = (
				6CFEF96C2834432F00254038 /* EmojiShoppingList */,
				6CFEF96B2834432F00254038 /* Products */,
			);
			sourceTree = "<group>";
		};
		6CFEF96B2834432F00254038 /* Products */ = {
			isa = PBXGroup;
			children = (
				6CFEF96A2834432F00254038 /* Shopping List.app */,
				6CFEF97F2834433100254038 /* EmojiShoppingListTests.xctest */,
			);
			name = Products;
			sourceTree = "<group>";
		};
		6CFEF96C2834432F00254038 /* EmojiShoppingList */ = {
			isa = PBXGroup;
			children = (
				6C332FE628BD61FA0004ECF9 /* Application */,
				6CA6E40F28428F530069CDD9 /* Extensions */,
				6CF5CC6D2846A34300117790 /* Shared */,
				6CFEF99F2834442A00254038 /* Features */,
				6CFEF99D283443FC00254038 /* DataModel */,
				6CFEF99C283443F400254038 /* Resources */,
			);
			path = EmojiShoppingList;
			sourceTree = "<group>";
		};
		6CFEF99C283443F400254038 /* Resources */ = {
			isa = PBXGroup;
			children = (
				6C0AACE828BEC6BF0025C4A0 /* Preview */,
				6C6A96E82874E77F00B09D80 /* Fonts */,
				6CE6F1C52856A56900C1A40D /* Localization */,
				6CFEF9712834433100254038 /* Assets.xcassets */,
				6CFEF9742834433100254038 /* Preview Assets.xcassets */,
			);
			path = Resources;
			sourceTree = "<group>";
		};
		6CFEF99D283443FC00254038 /* DataModel */ = {
			isa = PBXGroup;
			children = (
				6CFEF9782834433100254038 /* EmojiShoppingList.xcdatamodeld */,
			);
			path = DataModel;
			sourceTree = "<group>";
		};
		6CFEF99F2834442A00254038 /* Features */ = {
			isa = PBXGroup;
			children = (
				6C260CFA284BC62200756E74 /* App */,
				6CA6E3F3284013C80069CDD9 /* List */,
				6CA6E40B2841B4D80069CDD9 /* ListItem */,
				6CA6E40C2841B5160069CDD9 /* Input */,
				6C913E7C2842DD5900E34326 /* Delete */,
			);
			path = Features;
			sourceTree = "<group>";
		};
/* End PBXGroup section */

/* Begin PBXNativeTarget section */
		6CFEF9692834432F00254038 /* EmojiShoppingList */ = {
			isa = PBXNativeTarget;
			buildConfigurationList = 6CFEF9932834433100254038 /* Build configuration list for PBXNativeTarget "EmojiShoppingList" */;
			buildPhases = (
				6CFEF9662834432F00254038 /* Sources */,
				6CFEF9672834432F00254038 /* Frameworks */,
				6CFEF9682834432F00254038 /* Resources */,
			);
			buildRules = (
			);
			dependencies = (
			);
			name = EmojiShoppingList;
			packageProductDependencies = (
				6CFEF9A12835889500254038 /* ComposableArchitecture */,
				6CD7AB8128A6FD63007CDBAE /* TextToEmoji */,
				6CCBE2A028B578FF00C25667 /* Pow */,
			);
			productName = EmojiShoppingList;
			productReference = 6CFEF96A2834432F00254038 /* Shopping List.app */;
			productType = "com.apple.product-type.application";
		};
		6CFEF97E2834433100254038 /* EmojiShoppingListTests */ = {
			isa = PBXNativeTarget;
			buildConfigurationList = 6CFEF9962834433100254038 /* Build configuration list for PBXNativeTarget "EmojiShoppingListTests" */;
			buildPhases = (
				6CFEF97B2834433100254038 /* Sources */,
				6CFEF97C2834433100254038 /* Frameworks */,
				6CFEF97D2834433100254038 /* Resources */,
			);
			buildRules = (
			);
			dependencies = (
				6CFEF9812834433100254038 /* PBXTargetDependency */,
			);
			name = EmojiShoppingListTests;
			productName = EmojiShoppingListTests;
			productReference = 6CFEF97F2834433100254038 /* EmojiShoppingListTests.xctest */;
			productType = "com.apple.product-type.bundle.unit-test";
		};
/* End PBXNativeTarget section */

/* Begin PBXProject section */
		6CFEF9622834432F00254038 /* Project object */ = {
			isa = PBXProject;
			attributes = {
				BuildIndependentTargetsInParallel = 1;
				LastSwiftUpdateCheck = 1330;
				LastUpgradeCheck = 1330;
				TargetAttributes = {
					6CFEF9692834432F00254038 = {
						CreatedOnToolsVersion = 13.3;
					};
					6CFEF97E2834433100254038 = {
						CreatedOnToolsVersion = 13.3;
						TestTargetID = 6CFEF9692834432F00254038;
					};
				};
			};
			buildConfigurationList = 6CFEF9652834432F00254038 /* Build configuration list for PBXProject "EmojiShoppingList" */;
			compatibilityVersion = "Xcode 13.0";
			developmentRegion = en;
			hasScannedForEncodings = 0;
			knownRegions = (
				en,
				Base,
			);
			mainGroup = 6CFEF9612834432F00254038;
			packageReferences = (
				6CFEF9A02835889500254038 /* XCRemoteSwiftPackageReference "swift-composable-architecture" */,
				6CD7AB8028A6FD63007CDBAE /* XCRemoteSwiftPackageReference "text-to-emoji" */,
				6CCBE29F28B578FF00C25667 /* XCRemoteSwiftPackageReference "Pow" */,
			);
			productRefGroup = 6CFEF96B2834432F00254038 /* Products */;
			projectDirPath = "";
			projectRoot = "";
			targets = (
				6CFEF9692834432F00254038 /* EmojiShoppingList */,
				6CFEF97E2834433100254038 /* EmojiShoppingListTests */,
			);
		};
/* End PBXProject section */

/* Begin PBXResourcesBuildPhase section */
		6CFEF9682834432F00254038 /* Resources */ = {
			isa = PBXResourcesBuildPhase;
			buildActionMask = 2147483647;
			files = (
				6CE6F1C82856A59600C1A40D /* Localizable.strings in Resources */,
				6C6A96EA2874E77F00B09D80 /* Pacifico-Regular.ttf in Resources */,
				6CFEF9752834433100254038 /* Preview Assets.xcassets in Resources */,
				6CFEF9722834433100254038 /* Assets.xcassets in Resources */,
			);
			runOnlyForDeploymentPostprocessing = 0;
		};
		6CFEF97D2834433100254038 /* Resources */ = {
			isa = PBXResourcesBuildPhase;
			buildActionMask = 2147483647;
			files = (
			);
			runOnlyForDeploymentPostprocessing = 0;
		};
/* End PBXResourcesBuildPhase section */

/* Begin PBXSourcesBuildPhase section */
		6CFEF9662834432F00254038 /* Sources */ = {
			isa = PBXSourcesBuildPhase;
			buildActionMask = 2147483647;
			files = (
				6CFEF9772834433100254038 /* Persistence.swift in Sources */,
				6C332FE828BD623B0004ECF9 /* Appearance.swift in Sources */,
				6CA6E3F8284015DD0069CDD9 /* List.swift in Sources */,
				6CA6E40A284170770069CDD9 /* ListItem+Mock.swift in Sources */,
				6CD4576928A1A31900EB9E7B /* EmptyStateView.swift in Sources */,
				6C2F28EF2848192000E85F94 /* ListItem+Preview.swift in Sources */,
				6CA6E40E2841B5610069CDD9 /* Input.swift in Sources */,
				6CA6E400284152B90069CDD9 /* ListItem.swift in Sources */,
				6C0AACEC28BECFF40025C4A0 /* EdgeFadeView.swift in Sources */,
				6CA853E7283AB7C70010E85B /* RoundEmojiView.swift in Sources */,
				6C02812028B7F99E00AA2666 /* String+Image.swift in Sources */,
				6CF5CC6F2846A35700117790 /* FeedbackGenerator.swift in Sources */,
				6C02812228B7F9BA00AA2666 /* UIImage+Color.swift in Sources */,
				6CFEF97A2834433100254038 /* EmojiShoppingList.xcdatamodeld in Sources */,
				6CFEF96E2834432F00254038 /* App.swift in Sources */,
				6C02812828B7FBA400AA2666 /* UIColor+Adjust.swift in Sources */,
				6CF5CC6B28469A0B00117790 /* SharedEnvironment.swift in Sources */,
				6C913E7E2842DD6C00E34326 /* Delete.swift in Sources */,
				6CA6E41128428F6B0069CDD9 /* View+Synchronize.swift in Sources */,
			);
			runOnlyForDeploymentPostprocessing = 0;
		};
		6CFEF97B2834433100254038 /* Sources */ = {
			isa = PBXSourcesBuildPhase;
			buildActionMask = 2147483647;
			files = (
				6C332FE528BD61900004ECF9 /* FeedbackGenerator+Mock.swift in Sources */,
				6C260CEB284AC1C900756E74 /* InputTests.swift in Sources */,
				6C332FDF28BD61660004ECF9 /* Persistence+Mock.swift in Sources */,
				6C260CF4284ACD5500756E74 /* ListItemTests.swift in Sources */,
				6C332FE228BD61750004ECF9 /* SharedEnvironment+Mock.swift in Sources */,
				6C260CFD284BC64000756E74 /* AppTests.swift in Sources */,
				6C260CF7284ACF0A00756E74 /* ListTests.swift in Sources */,
			);
			runOnlyForDeploymentPostprocessing = 0;
		};
/* End PBXSourcesBuildPhase section */

/* Begin PBXTargetDependency section */
		6CFEF9812834433100254038 /* PBXTargetDependency */ = {
			isa = PBXTargetDependency;
			target = 6CFEF9692834432F00254038 /* EmojiShoppingList */;
			targetProxy = 6CFEF9802834433100254038 /* PBXContainerItemProxy */;
		};
/* End PBXTargetDependency section */

/* Begin PBXVariantGroup section */
		6CE6F1CA2856A59600C1A40D /* Localizable.strings */ = {
			isa = PBXVariantGroup;
			children = (
				6CE6F1C92856A59600C1A40D /* en */,
			);
			name = Localizable.strings;
			sourceTree = "<group>";
		};
/* End PBXVariantGroup section */

/* Begin XCBuildConfiguration section */
		6CFEF9912834433100254038 /* Debug */ = {
			isa = XCBuildConfiguration;
			buildSettings = {
				ALWAYS_SEARCH_USER_PATHS = NO;
				CLANG_ANALYZER_NONNULL = YES;
				CLANG_ANALYZER_NUMBER_OBJECT_CONVERSION = YES_AGGRESSIVE;
				CLANG_CXX_LANGUAGE_STANDARD = "gnu++17";
				CLANG_ENABLE_MODULES = YES;
				CLANG_ENABLE_OBJC_ARC = YES;
				CLANG_ENABLE_OBJC_WEAK = YES;
				CLANG_WARN_BLOCK_CAPTURE_AUTORELEASING = YES;
				CLANG_WARN_BOOL_CONVERSION = YES;
				CLANG_WARN_COMMA = YES;
				CLANG_WARN_CONSTANT_CONVERSION = YES;
				CLANG_WARN_DEPRECATED_OBJC_IMPLEMENTATIONS = YES;
				CLANG_WARN_DIRECT_OBJC_ISA_USAGE = YES_ERROR;
				CLANG_WARN_DOCUMENTATION_COMMENTS = YES;
				CLANG_WARN_EMPTY_BODY = YES;
				CLANG_WARN_ENUM_CONVERSION = YES;
				CLANG_WARN_INFINITE_RECURSION = YES;
				CLANG_WARN_INT_CONVERSION = YES;
				CLANG_WARN_NON_LITERAL_NULL_CONVERSION = YES;
				CLANG_WARN_OBJC_IMPLICIT_RETAIN_SELF = YES;
				CLANG_WARN_OBJC_LITERAL_CONVERSION = YES;
				CLANG_WARN_OBJC_ROOT_CLASS = YES_ERROR;
				CLANG_WARN_QUOTED_INCLUDE_IN_FRAMEWORK_HEADER = YES;
				CLANG_WARN_RANGE_LOOP_ANALYSIS = YES;
				CLANG_WARN_STRICT_PROTOTYPES = YES;
				CLANG_WARN_SUSPICIOUS_MOVE = YES;
				CLANG_WARN_UNGUARDED_AVAILABILITY = YES_AGGRESSIVE;
				CLANG_WARN_UNREACHABLE_CODE = YES;
				CLANG_WARN__DUPLICATE_METHOD_MATCH = YES;
				COPY_PHASE_STRIP = NO;
				DEBUG_INFORMATION_FORMAT = dwarf;
				ENABLE_STRICT_OBJC_MSGSEND = YES;
				ENABLE_TESTABILITY = YES;
				GCC_C_LANGUAGE_STANDARD = gnu11;
				GCC_DYNAMIC_NO_PIC = NO;
				GCC_NO_COMMON_BLOCKS = YES;
				GCC_OPTIMIZATION_LEVEL = 0;
				GCC_PREPROCESSOR_DEFINITIONS = (
					"DEBUG=1",
					"$(inherited)",
				);
				GCC_WARN_64_TO_32_BIT_CONVERSION = YES;
				GCC_WARN_ABOUT_RETURN_TYPE = YES_ERROR;
				GCC_WARN_UNDECLARED_SELECTOR = YES;
				GCC_WARN_UNINITIALIZED_AUTOS = YES_AGGRESSIVE;
				GCC_WARN_UNUSED_FUNCTION = YES;
				GCC_WARN_UNUSED_VARIABLE = YES;
				IPHONEOS_DEPLOYMENT_TARGET = 15.0;
				MTL_ENABLE_DEBUG_INFO = INCLUDE_SOURCE;
				MTL_FAST_MATH = YES;
				ONLY_ACTIVE_ARCH = YES;
				SDKROOT = iphoneos;
				SWIFT_ACTIVE_COMPILATION_CONDITIONS = DEBUG;
				SWIFT_OPTIMIZATION_LEVEL = "-Onone";
			};
			name = Debug;
		};
		6CFEF9922834433100254038 /* Release */ = {
			isa = XCBuildConfiguration;
			buildSettings = {
				ALWAYS_SEARCH_USER_PATHS = NO;
				CLANG_ANALYZER_NONNULL = YES;
				CLANG_ANALYZER_NUMBER_OBJECT_CONVERSION = YES_AGGRESSIVE;
				CLANG_CXX_LANGUAGE_STANDARD = "gnu++17";
				CLANG_ENABLE_MODULES = YES;
				CLANG_ENABLE_OBJC_ARC = YES;
				CLANG_ENABLE_OBJC_WEAK = YES;
				CLANG_WARN_BLOCK_CAPTURE_AUTORELEASING = YES;
				CLANG_WARN_BOOL_CONVERSION = YES;
				CLANG_WARN_COMMA = YES;
				CLANG_WARN_CONSTANT_CONVERSION = YES;
				CLANG_WARN_DEPRECATED_OBJC_IMPLEMENTATIONS = YES;
				CLANG_WARN_DIRECT_OBJC_ISA_USAGE = YES_ERROR;
				CLANG_WARN_DOCUMENTATION_COMMENTS = YES;
				CLANG_WARN_EMPTY_BODY = YES;
				CLANG_WARN_ENUM_CONVERSION = YES;
				CLANG_WARN_INFINITE_RECURSION = YES;
				CLANG_WARN_INT_CONVERSION = YES;
				CLANG_WARN_NON_LITERAL_NULL_CONVERSION = YES;
				CLANG_WARN_OBJC_IMPLICIT_RETAIN_SELF = YES;
				CLANG_WARN_OBJC_LITERAL_CONVERSION = YES;
				CLANG_WARN_OBJC_ROOT_CLASS = YES_ERROR;
				CLANG_WARN_QUOTED_INCLUDE_IN_FRAMEWORK_HEADER = YES;
				CLANG_WARN_RANGE_LOOP_ANALYSIS = YES;
				CLANG_WARN_STRICT_PROTOTYPES = YES;
				CLANG_WARN_SUSPICIOUS_MOVE = YES;
				CLANG_WARN_UNGUARDED_AVAILABILITY = YES_AGGRESSIVE;
				CLANG_WARN_UNREACHABLE_CODE = YES;
				CLANG_WARN__DUPLICATE_METHOD_MATCH = YES;
				COPY_PHASE_STRIP = NO;
				DEBUG_INFORMATION_FORMAT = "dwarf-with-dsym";
				ENABLE_NS_ASSERTIONS = NO;
				ENABLE_STRICT_OBJC_MSGSEND = YES;
				GCC_C_LANGUAGE_STANDARD = gnu11;
				GCC_NO_COMMON_BLOCKS = YES;
				GCC_WARN_64_TO_32_BIT_CONVERSION = YES;
				GCC_WARN_ABOUT_RETURN_TYPE = YES_ERROR;
				GCC_WARN_UNDECLARED_SELECTOR = YES;
				GCC_WARN_UNINITIALIZED_AUTOS = YES_AGGRESSIVE;
				GCC_WARN_UNUSED_FUNCTION = YES;
				GCC_WARN_UNUSED_VARIABLE = YES;
				IPHONEOS_DEPLOYMENT_TARGET = 15.0;
				MTL_ENABLE_DEBUG_INFO = NO;
				MTL_FAST_MATH = YES;
				SDKROOT = iphoneos;
				SWIFT_COMPILATION_MODE = wholemodule;
				SWIFT_OPTIMIZATION_LEVEL = "-O";
				VALIDATE_PRODUCT = YES;
			};
			name = Release;
		};
		6CFEF9942834433100254038 /* Debug */ = {
			isa = XCBuildConfiguration;
			buildSettings = {
				ASSETCATALOG_COMPILER_APPICON_NAME = AppIcon;
				ASSETCATALOG_COMPILER_GLOBAL_ACCENT_COLOR_NAME = AccentColor;
				CODE_SIGN_IDENTITY = "Apple Development";
				CODE_SIGN_STYLE = Automatic;
				CURRENT_PROJECT_VERSION = 2;
				DEVELOPMENT_ASSET_PATHS = "\"EmojiShoppingList/Resources/\"";
				DEVELOPMENT_TEAM = Q6AEA497G4;
				ENABLE_PREVIEWS = YES;
				GENERATE_INFOPLIST_FILE = YES;
				INFOPLIST_FILE = EmojiShoppingList/Application/Info.plist;
				INFOPLIST_KEY_UIApplicationSceneManifest_Generation = YES;
				INFOPLIST_KEY_UIApplicationSupportsIndirectInputEvents = YES;
				INFOPLIST_KEY_UILaunchScreen_Generation = YES;
				INFOPLIST_KEY_UISupportedInterfaceOrientations = UIInterfaceOrientationPortrait;
				INFOPLIST_KEY_UISupportedInterfaceOrientations_iPad = "UIInterfaceOrientationPortrait UIInterfaceOrientationPortraitUpsideDown UIInterfaceOrientationLandscapeLeft UIInterfaceOrientationLandscapeRight";
				INFOPLIST_KEY_UISupportedInterfaceOrientations_iPhone = "UIInterfaceOrientationPortrait UIInterfaceOrientationLandscapeLeft UIInterfaceOrientationLandscapeRight";
				IPHONEOS_DEPLOYMENT_TARGET = 15.0;
				LD_RUNPATH_SEARCH_PATHS = (
					"$(inherited)",
					"@executable_path/Frameworks",
				);
				MARKETING_VERSION = 1.0;
				PRODUCT_BUNDLE_IDENTIFIER = com.wouterwisse.emojishoppinglist;
				PRODUCT_NAME = "Shopping List";
				PROVISIONING_PROFILE_SPECIFIER = "";
				SWIFT_EMIT_LOC_STRINGS = YES;
				SWIFT_VERSION = 5.0;
				TARGETED_DEVICE_FAMILY = 1;
			};
			name = Debug;
		};
		6CFEF9952834433100254038 /* Release */ = {
			isa = XCBuildConfiguration;
			buildSettings = {
				ASSETCATALOG_COMPILER_APPICON_NAME = AppIcon;
				ASSETCATALOG_COMPILER_GLOBAL_ACCENT_COLOR_NAME = AccentColor;
				CODE_SIGN_IDENTITY = "Apple Development";
				CODE_SIGN_STYLE = Automatic;
				CURRENT_PROJECT_VERSION = 2;
				DEVELOPMENT_ASSET_PATHS = "\"EmojiShoppingList/Resources/\"";
				DEVELOPMENT_TEAM = Q6AEA497G4;
				ENABLE_PREVIEWS = YES;
				GENERATE_INFOPLIST_FILE = YES;
				INFOPLIST_FILE = EmojiShoppingList/Application/Info.plist;
				INFOPLIST_KEY_UIApplicationSceneManifest_Generation = YES;
				INFOPLIST_KEY_UIApplicationSupportsIndirectInputEvents = YES;
				INFOPLIST_KEY_UILaunchScreen_Generation = YES;
				INFOPLIST_KEY_UISupportedInterfaceOrientations = UIInterfaceOrientationPortrait;
				INFOPLIST_KEY_UISupportedInterfaceOrientations_iPad = "UIInterfaceOrientationPortrait UIInterfaceOrientationPortraitUpsideDown UIInterfaceOrientationLandscapeLeft UIInterfaceOrientationLandscapeRight";
				INFOPLIST_KEY_UISupportedInterfaceOrientations_iPhone = "UIInterfaceOrientationPortrait UIInterfaceOrientationLandscapeLeft UIInterfaceOrientationLandscapeRight";
				IPHONEOS_DEPLOYMENT_TARGET = 15.0;
				LD_RUNPATH_SEARCH_PATHS = (
					"$(inherited)",
					"@executable_path/Frameworks",
				);
				MARKETING_VERSION = 1.0;
				PRODUCT_BUNDLE_IDENTIFIER = com.wouterwisse.emojishoppinglist;
				PRODUCT_NAME = "Shopping List";
				PROVISIONING_PROFILE_SPECIFIER = "";
				SWIFT_EMIT_LOC_STRINGS = YES;
				SWIFT_VERSION = 5.0;
				TARGETED_DEVICE_FAMILY = 1;
			};
			name = Release;
		};
		6CFEF9972834433100254038 /* Debug */ = {
			isa = XCBuildConfiguration;
			buildSettings = {
				ALWAYS_EMBED_SWIFT_STANDARD_LIBRARIES = YES;
				BUNDLE_LOADER = "$(TEST_HOST)";
				CODE_SIGN_STYLE = Automatic;
				CURRENT_PROJECT_VERSION = 2;
				DEVELOPMENT_TEAM = Q6AEA497G4;
				GCC_GENERATE_TEST_COVERAGE_FILES = YES;
				GENERATE_INFOPLIST_FILE = YES;
				IPHONEOS_DEPLOYMENT_TARGET = 15.4;
				MARKETING_VERSION = 1.0;
				PRODUCT_BUNDLE_IDENTIFIER = com.wouterwisse.EmojiShoppingListTests;
				PRODUCT_NAME = "$(TARGET_NAME)";
				SWIFT_EMIT_LOC_STRINGS = NO;
				SWIFT_VERSION = 5.0;
				TARGETED_DEVICE_FAMILY = "1,2";
				TEST_HOST = "$(BUILT_PRODUCTS_DIR)/Shopping List.app/Shopping List";
			};
			name = Debug;
		};
		6CFEF9982834433100254038 /* Release */ = {
			isa = XCBuildConfiguration;
			buildSettings = {
				ALWAYS_EMBED_SWIFT_STANDARD_LIBRARIES = YES;
				BUNDLE_LOADER = "$(TEST_HOST)";
				CODE_SIGN_STYLE = Automatic;
				CURRENT_PROJECT_VERSION = 2;
				DEVELOPMENT_TEAM = Q6AEA497G4;
				GCC_GENERATE_TEST_COVERAGE_FILES = YES;
				GENERATE_INFOPLIST_FILE = YES;
				IPHONEOS_DEPLOYMENT_TARGET = 15.4;
				MARKETING_VERSION = 1.0;
				PRODUCT_BUNDLE_IDENTIFIER = com.wouterwisse.EmojiShoppingListTests;
				PRODUCT_NAME = "$(TARGET_NAME)";
				SWIFT_EMIT_LOC_STRINGS = NO;
				SWIFT_VERSION = 5.0;
				TARGETED_DEVICE_FAMILY = "1,2";
				TEST_HOST = "$(BUILT_PRODUCTS_DIR)/Shopping List.app/Shopping List";
			};
			name = Release;
		};
/* End XCBuildConfiguration section */

/* Begin XCConfigurationList section */
		6CFEF9652834432F00254038 /* Build configuration list for PBXProject "EmojiShoppingList" */ = {
			isa = XCConfigurationList;
			buildConfigurations = (
				6CFEF9912834433100254038 /* Debug */,
				6CFEF9922834433100254038 /* Release */,
			);
			defaultConfigurationIsVisible = 0;
			defaultConfigurationName = Release;
		};
		6CFEF9932834433100254038 /* Build configuration list for PBXNativeTarget "EmojiShoppingList" */ = {
			isa = XCConfigurationList;
			buildConfigurations = (
				6CFEF9942834433100254038 /* Debug */,
				6CFEF9952834433100254038 /* Release */,
			);
			defaultConfigurationIsVisible = 0;
			defaultConfigurationName = Release;
		};
		6CFEF9962834433100254038 /* Build configuration list for PBXNativeTarget "EmojiShoppingListTests" */ = {
			isa = XCConfigurationList;
			buildConfigurations = (
				6CFEF9972834433100254038 /* Debug */,
				6CFEF9982834433100254038 /* Release */,
			);
			defaultConfigurationIsVisible = 0;
			defaultConfigurationName = Release;
		};
/* End XCConfigurationList section */

/* Begin XCRemoteSwiftPackageReference section */
		6CCBE29F28B578FF00C25667 /* XCRemoteSwiftPackageReference "Pow" */ = {
			isa = XCRemoteSwiftPackageReference;
			repositoryURL = "https://github.com/movingparts-io/Pow";
			requirement = {
				branch = main;
				kind = branch;
			};
		};
		6CD7AB8028A6FD63007CDBAE /* XCRemoteSwiftPackageReference "text-to-emoji" */ = {
			isa = XCRemoteSwiftPackageReference;
			repositoryURL = "https://github.com/WouterWisse/text-to-emoji";
			requirement = {
				branch = main;
				kind = branch;
			};
		};
		6CFEF9A02835889500254038 /* XCRemoteSwiftPackageReference "swift-composable-architecture" */ = {
			isa = XCRemoteSwiftPackageReference;
			repositoryURL = "https://github.com/pointfreeco/swift-composable-architecture";
			requirement = {
				kind = upToNextMajorVersion;
				minimumVersion = 0.9.0;
			};
		};
/* End XCRemoteSwiftPackageReference section */

/* Begin XCSwiftPackageProductDependency section */
		6CCBE2A028B578FF00C25667 /* Pow */ = {
			isa = XCSwiftPackageProductDependency;
			package = 6CCBE29F28B578FF00C25667 /* XCRemoteSwiftPackageReference "Pow" */;
			productName = Pow;
		};
		6CD7AB8128A6FD63007CDBAE /* TextToEmoji */ = {
			isa = XCSwiftPackageProductDependency;
			package = 6CD7AB8028A6FD63007CDBAE /* XCRemoteSwiftPackageReference "text-to-emoji" */;
			productName = TextToEmoji;
		};
		6CFEF9A12835889500254038 /* ComposableArchitecture */ = {
			isa = XCSwiftPackageProductDependency;
			package = 6CFEF9A02835889500254038 /* XCRemoteSwiftPackageReference "swift-composable-architecture" */;
			productName = ComposableArchitecture;
		};
/* End XCSwiftPackageProductDependency section */

/* Begin XCVersionGroup section */
		6CFEF9782834433100254038 /* EmojiShoppingList.xcdatamodeld */ = {
			isa = XCVersionGroup;
			children = (
				6CFEF9792834433100254038 /* EmojiShoppingList.xcdatamodel */,
			);
			currentVersion = 6CFEF9792834433100254038 /* EmojiShoppingList.xcdatamodel */;
			path = EmojiShoppingList.xcdatamodeld;
			sourceTree = "<group>";
			versionGroupType = wrapper.xcdatamodel;
		};
/* End XCVersionGroup section */
	};
	rootObject = 6CFEF9622834432F00254038 /* Project object */;
}
